// !$*UTF8*$!
{
	archiveVersion = 1;
	classes = {
	};
	objectVersion = 46;
	objects = {

/* Begin PBXBuildFile section */
		B9F31D4C191E6A3B0081F67F /* Foundation.framework in Frameworks */ = {isa = PBXBuildFile; fileRef = B9F31D4B191E6A3B0081F67F /* Foundation.framework */; };
		B9F31D4E191E6A3B0081F67F /* CoreGraphics.framework in Frameworks */ = {isa = PBXBuildFile; fileRef = B9F31D4D191E6A3B0081F67F /* CoreGraphics.framework */; };
		B9F31D50191E6A3B0081F67F /* UIKit.framework in Frameworks */ = {isa = PBXBuildFile; fileRef = B9F31D4F191E6A3B0081F67F /* UIKit.framework */; };
		B9F31D56191E6A3B0081F67F /* InfoPlist.strings in Resources */ = {isa = PBXBuildFile; fileRef = B9F31D54191E6A3B0081F67F /* InfoPlist.strings */; };
		B9F31D58191E6A3B0081F67F /* main.m in Sources */ = {isa = PBXBuildFile; fileRef = B9F31D57191E6A3B0081F67F /* main.m */; };
		B9F31D5C191E6A3B0081F67F /* movie_memoAppDelegate.m in Sources */ = {isa = PBXBuildFile; fileRef = B9F31D5B191E6A3B0081F67F /* movie_memoAppDelegate.m */; };
		B9F31D5F191E6A3B0081F67F /* Main.storyboard in Resources */ = {isa = PBXBuildFile; fileRef = B9F31D5D191E6A3B0081F67F /* Main.storyboard */; };
		B9F31D62191E6A3B0081F67F /* movie_memoMasterViewController.m in Sources */ = {isa = PBXBuildFile; fileRef = B9F31D61191E6A3B0081F67F /* movie_memoMasterViewController.m */; };
		B9F31D65191E6A3B0081F67F /* movie_memoDetailViewController.m in Sources */ = {isa = PBXBuildFile; fileRef = B9F31D64191E6A3B0081F67F /* movie_memoDetailViewController.m */; };
		B9F31D67191E6A3B0081F67F /* Images.xcassets in Resources */ = {isa = PBXBuildFile; fileRef = B9F31D66191E6A3B0081F67F /* Images.xcassets */; };
		B9F31D6E191E6A3B0081F67F /* XCTest.framework in Frameworks */ = {isa = PBXBuildFile; fileRef = B9F31D6D191E6A3B0081F67F /* XCTest.framework */; };
		B9F31D6F191E6A3B0081F67F /* Foundation.framework in Frameworks */ = {isa = PBXBuildFile; fileRef = B9F31D4B191E6A3B0081F67F /* Foundation.framework */; };
		B9F31D70191E6A3B0081F67F /* UIKit.framework in Frameworks */ = {isa = PBXBuildFile; fileRef = B9F31D4F191E6A3B0081F67F /* UIKit.framework */; };
		B9F31D78191E6A3B0081F67F /* InfoPlist.strings in Resources */ = {isa = PBXBuildFile; fileRef = B9F31D76191E6A3B0081F67F /* InfoPlist.strings */; };
		B9F31D7A191E6A3B0081F67F /* movie_memo_1Tests.m in Sources */ = {isa = PBXBuildFile; fileRef = B9F31D79191E6A3B0081F67F /* movie_memo_1Tests.m */; };
/* End PBXBuildFile section */

/* Begin PBXContainerItemProxy section */
		B9F31D71191E6A3B0081F67F /* PBXContainerItemProxy */ = {
			isa = PBXContainerItemProxy;
			containerPortal = B9F31D40191E6A3B0081F67F /* Project object */;
			proxyType = 1;
			remoteGlobalIDString = B9F31D47191E6A3B0081F67F;
			remoteInfo = movie_memo_1;
		};
/* End PBXContainerItemProxy section */

/* Begin PBXFileReference section */
		B9F31D48191E6A3B0081F67F /* movie_memo_1.app */ = {isa = PBXFileReference; explicitFileType = wrapper.application; includeInIndex = 0; path = movie_memo_1.app; sourceTree = BUILT_PRODUCTS_DIR; };
		B9F31D4B191E6A3B0081F67F /* Foundation.framework */ = {isa = PBXFileReference; lastKnownFileType = wrapper.framework; name = Foundation.framework; path = System/Library/Frameworks/Foundation.framework; sourceTree = SDKROOT; };
		B9F31D4D191E6A3B0081F67F /* CoreGraphics.framework */ = {isa = PBXFileReference; lastKnownFileType = wrapper.framework; name = CoreGraphics.framework; path = System/Library/Frameworks/CoreGraphics.framework; sourceTree = SDKROOT; };
		B9F31D4F191E6A3B0081F67F /* UIKit.framework */ = {isa = PBXFileReference; lastKnownFileType = wrapper.framework; name = UIKit.framework; path = System/Library/Frameworks/UIKit.framework; sourceTree = SDKROOT; };
		B9F31D53191E6A3B0081F67F /* movie_memo_1-Info.plist */ = {isa = PBXFileReference; lastKnownFileType = text.plist.xml; path = "movie_memo_1-Info.plist"; sourceTree = "<group>"; };
		B9F31D55191E6A3B0081F67F /* en */ = {isa = PBXFileReference; lastKnownFileType = text.plist.strings; name = en; path = en.lproj/InfoPlist.strings; sourceTree = "<group>"; };
		B9F31D57191E6A3B0081F67F /* main.m */ = {isa = PBXFileReference; lastKnownFileType = sourcecode.c.objc; path = main.m; sourceTree = "<group>"; };
		B9F31D59191E6A3B0081F67F /* movie_memo_1-Prefix.pch */ = {isa = PBXFileReference; lastKnownFileType = sourcecode.c.h; path = "movie_memo_1-Prefix.pch"; sourceTree = "<group>"; };
		B9F31D5A191E6A3B0081F67F /* movie_memoAppDelegate.h */ = {isa = PBXFileReference; lastKnownFileType = sourcecode.c.h; path = movie_memoAppDelegate.h; sourceTree = "<group>"; };
		B9F31D5B191E6A3B0081F67F /* movie_memoAppDelegate.m */ = {isa = PBXFileReference; lastKnownFileType = sourcecode.c.objc; path = movie_memoAppDelegate.m; sourceTree = "<group>"; };
		B9F31D5E191E6A3B0081F67F /* Base */ = {isa = PBXFileReference; lastKnownFileType = file.storyboard; name = Base; path = Base.lproj/Main.storyboard; sourceTree = "<group>"; };
		B9F31D60191E6A3B0081F67F /* movie_memoMasterViewController.h */ = {isa = PBXFileReference; lastKnownFileType = sourcecode.c.h; path = movie_memoMasterViewController.h; sourceTree = "<group>"; };
		B9F31D61191E6A3B0081F67F /* movie_memoMasterViewController.m */ = {isa = PBXFileReference; lastKnownFileType = sourcecode.c.objc; path = movie_memoMasterViewController.m; sourceTree = "<group>"; };
		B9F31D63191E6A3B0081F67F /* movie_memoDetailViewController.h */ = {isa = PBXFileReference; lastKnownFileType = sourcecode.c.h; path = movie_memoDetailViewController.h; sourceTree = "<group>"; };
		B9F31D64191E6A3B0081F67F /* movie_memoDetailViewController.m */ = {isa = PBXFileReference; lastKnownFileType = sourcecode.c.objc; path = movie_memoDetailViewController.m; sourceTree = "<group>"; };
		B9F31D66191E6A3B0081F67F /* Images.xcassets */ = {isa = PBXFileReference; lastKnownFileType = folder.assetcatalog; path = Images.xcassets; sourceTree = "<group>"; };
		B9F31D6C191E6A3B0081F67F /* movie_memo_1Tests.xctest */ = {isa = PBXFileReference; explicitFileType = wrapper.cfbundle; includeInIndex = 0; path = movie_memo_1Tests.xctest; sourceTree = BUILT_PRODUCTS_DIR; };
		B9F31D6D191E6A3B0081F67F /* XCTest.framework */ = {isa = PBXFileReference; lastKnownFileType = wrapper.framework; name = XCTest.framework; path = Library/Frameworks/XCTest.framework; sourceTree = DEVELOPER_DIR; };
		B9F31D75191E6A3B0081F67F /* movie_memo_1Tests-Info.plist */ = {isa = PBXFileReference; lastKnownFileType = text.plist.xml; path = "movie_memo_1Tests-Info.plist"; sourceTree = "<group>"; };
		B9F31D77191E6A3B0081F67F /* en */ = {isa = PBXFileReference; lastKnownFileType = text.plist.strings; name = en; path = en.lproj/InfoPlist.strings; sourceTree = "<group>"; };
		B9F31D79191E6A3B0081F67F /* movie_memo_1Tests.m */ = {isa = PBXFileReference; lastKnownFileType = sourcecode.c.objc; path = movie_memo_1Tests.m; sourceTree = "<group>"; };
/* End PBXFileReference section */

/* Begin PBXFrameworksBuildPhase section */
		B9F31D45191E6A3B0081F67F /* Frameworks */ = {
			isa = PBXFrameworksBuildPhase;
			buildActionMask = 2147483647;
			files = (
				B9F31D4E191E6A3B0081F67F /* CoreGraphics.framework in Frameworks */,
				B9F31D50191E6A3B0081F67F /* UIKit.framework in Frameworks */,
				B9F31D4C191E6A3B0081F67F /* Foundation.framework in Frameworks */,
			);
			runOnlyForDeploymentPostprocessing = 0;
		};
		B9F31D69191E6A3B0081F67F /* Frameworks */ = {
			isa = PBXFrameworksBuildPhase;
			buildActionMask = 2147483647;
			files = (
				B9F31D6E191E6A3B0081F67F /* XCTest.framework in Frameworks */,
				B9F31D70191E6A3B0081F67F /* UIKit.framework in Frameworks */,
				B9F31D6F191E6A3B0081F67F /* Foundation.framework in Frameworks */,
			);
			runOnlyForDeploymentPostprocessing = 0;
		};
/* End PBXFrameworksBuildPhase section */

/* Begin PBXGroup section */
		B9F31D3F191E6A3B0081F67F = {
			isa = PBXGroup;
			children = (
				B9F31D51191E6A3B0081F67F /* movie_memo_1 */,
				B9F31D73191E6A3B0081F67F /* movie_memo_1Tests */,
				B9F31D4A191E6A3B0081F67F /* Frameworks */,
				B9F31D49191E6A3B0081F67F /* Products */,
			);
			sourceTree = "<group>";
		};
		B9F31D49191E6A3B0081F67F /* Products */ = {
			isa = PBXGroup;
			children = (
				B9F31D48191E6A3B0081F67F /* movie_memo_1.app */,
				B9F31D6C191E6A3B0081F67F /* movie_memo_1Tests.xctest */,
			);
			name = Products;
			sourceTree = "<group>";
		};
		B9F31D4A191E6A3B0081F67F /* Frameworks */ = {
			isa = PBXGroup;
			children = (
				B9F31D4B191E6A3B0081F67F /* Foundation.framework */,
				B9F31D4D191E6A3B0081F67F /* CoreGraphics.framework */,
				B9F31D4F191E6A3B0081F67F /* UIKit.framework */,
				B9F31D6D191E6A3B0081F67F /* XCTest.framework */,
			);
			name = Frameworks;
			sourceTree = "<group>";
		};
		B9F31D51191E6A3B0081F67F /* movie_memo_1 */ = {
			isa = PBXGroup;
			children = (
				B9F31D5A191E6A3B0081F67F /* movie_memoAppDelegate.h */,
				B9F31D5B191E6A3B0081F67F /* movie_memoAppDelegate.m */,
				B9F31D5D191E6A3B0081F67F /* Main.storyboard */,
				B9F31D60191E6A3B0081F67F /* movie_memoMasterViewController.h */,
				B9F31D61191E6A3B0081F67F /* movie_memoMasterViewController.m */,
				B9F31D63191E6A3B0081F67F /* movie_memoDetailViewController.h */,
				B9F31D64191E6A3B0081F67F /* movie_memoDetailViewController.m */,
				B9F31D66191E6A3B0081F67F /* Images.xcassets */,
				B9F31D52191E6A3B0081F67F /* Supporting Files */,
			);
			path = movie_memo_1;
			sourceTree = "<group>";
		};
		B9F31D52191E6A3B0081F67F /* Supporting Files */ = {
			isa = PBXGroup;
			children = (
				B9F31D53191E6A3B0081F67F /* movie_memo_1-Info.plist */,
				B9F31D54191E6A3B0081F67F /* InfoPlist.strings */,
				B9F31D57191E6A3B0081F67F /* main.m */,
				B9F31D59191E6A3B0081F67F /* movie_memo_1-Prefix.pch */,
			);
			name = "Supporting Files";
			sourceTree = "<group>";
		};
		B9F31D73191E6A3B0081F67F /* movie_memo_1Tests */ = {
			isa = PBXGroup;
			children = (
				B9F31D79191E6A3B0081F67F /* movie_memo_1Tests.m */,
				B9F31D74191E6A3B0081F67F /* Supporting Files */,
			);
			path = movie_memo_1Tests;
			sourceTree = "<group>";
		};
		B9F31D74191E6A3B0081F67F /* Supporting Files */ = {
			isa = PBXGroup;
			children = (
				B9F31D75191E6A3B0081F67F /* movie_memo_1Tests-Info.plist */,
				B9F31D76191E6A3B0081F67F /* InfoPlist.strings */,
			);
			name = "Supporting Files";
			sourceTree = "<group>";
		};
/* End PBXGroup section */

/* Begin PBXNativeTarget section */
		B9F31D47191E6A3B0081F67F /* movie_memo_1 */ = {
			isa = PBXNativeTarget;
			buildConfigurationList = B9F31D7D191E6A3B0081F67F /* Build configuration list for PBXNativeTarget "movie_memo_1" */;
			buildPhases = (
				B9F31D44191E6A3B0081F67F /* Sources */,
				B9F31D45191E6A3B0081F67F /* Frameworks */,
				B9F31D46191E6A3B0081F67F /* Resources */,
			);
			buildRules = (
			);
			dependencies = (
			);
			name = movie_memo_1;
			productName = movie_memo_1;
			productReference = B9F31D48191E6A3B0081F67F /* movie_memo_1.app */;
			productType = "com.apple.product-type.application";
		};
		B9F31D6B191E6A3B0081F67F /* movie_memo_1Tests */ = {
			isa = PBXNativeTarget;
			buildConfigurationList = B9F31D80191E6A3B0081F67F /* Build configuration list for PBXNativeTarget "movie_memo_1Tests" */;
			buildPhases = (
				B9F31D68191E6A3B0081F67F /* Sources */,
				B9F31D69191E6A3B0081F67F /* Frameworks */,
				B9F31D6A191E6A3B0081F67F /* Resources */,
			);
			buildRules = (
			);
			dependencies = (
				B9F31D72191E6A3B0081F67F /* PBXTargetDependency */,
			);
			name = movie_memo_1Tests;
			productName = movie_memo_1Tests;
			productReference = B9F31D6C191E6A3B0081F67F /* movie_memo_1Tests.xctest */;
			productType = "com.apple.product-type.bundle.unit-test";
		};
/* End PBXNativeTarget section */

/* Begin PBXProject section */
		B9F31D40191E6A3B0081F67F /* Project object */ = {
			isa = PBXProject;
			attributes = {
				CLASSPREFIX = movie_memo;
				LastUpgradeCheck = 0510;
				ORGANIZATIONNAME = "___FULLUSERNAME___";
				TargetAttributes = {
					B9F31D6B191E6A3B0081F67F = {
						TestTargetID = B9F31D47191E6A3B0081F67F;
					};
				};
			};
			buildConfigurationList = B9F31D43191E6A3B0081F67F /* Build configuration list for PBXProject "movie_memo_1" */;
			compatibilityVersion = "Xcode 3.2";
			developmentRegion = English;
			hasScannedForEncodings = 0;
			knownRegions = (
				en,
				Base,
			);
			mainGroup = B9F31D3F191E6A3B0081F67F;
			productRefGroup = B9F31D49191E6A3B0081F67F /* Products */;
			projectDirPath = "";
			projectRoot = "";
			targets = (
				B9F31D47191E6A3B0081F67F /* movie_memo_1 */,
				B9F31D6B191E6A3B0081F67F /* movie_memo_1Tests */,
			);
		};
/* End PBXProject section */

/* Begin PBXResourcesBuildPhase section */
		B9F31D46191E6A3B0081F67F /* Resources */ = {
			isa = PBXResourcesBuildPhase;
			buildActionMask = 2147483647;
			files = (
				B9F31D67191E6A3B0081F67F /* Images.xcassets in Resources */,
				B9F31D56191E6A3B0081F67F /* InfoPlist.strings in Resources */,
				B9F31D5F191E6A3B0081F67F /* Main.storyboard in Resources */,
			);
			runOnlyForDeploymentPostprocessing = 0;
		};
		B9F31D6A191E6A3B0081F67F /* Resources */ = {
			isa = PBXResourcesBuildPhase;
			buildActionMask = 2147483647;
			files = (
				B9F31D78191E6A3B0081F67F /* InfoPlist.strings in Resources */,
			);
			runOnlyForDeploymentPostprocessing = 0;
		};
/* End PBXResourcesBuildPhase section */

/* Begin PBXSourcesBuildPhase section */
		B9F31D44191E6A3B0081F67F /* Sources */ = {
			isa = PBXSourcesBuildPhase;
			buildActionMask = 2147483647;
			files = (
				B9F31D65191E6A3B0081F67F /* movie_memoDetailViewController.m in Sources */,
				B9F31D58191E6A3B0081F67F /* main.m in Sources */,
				B9F31D5C191E6A3B0081F67F /* movie_memoAppDelegate.m in Sources */,
				B9F31D62191E6A3B0081F67F /* movie_memoMasterViewController.m in Sources */,
			);
			runOnlyForDeploymentPostprocessing = 0;
		};
		B9F31D68191E6A3B0081F67F /* Sources */ = {
			isa = PBXSourcesBuildPhase;
			buildActionMask = 2147483647;
			files = (
				B9F31D7A191E6A3B0081F67F /* movie_memo_1Tests.m in Sources */,
			);
			runOnlyForDeploymentPostprocessing = 0;
		};
/* End PBXSourcesBuildPhase section */

/* Begin PBXTargetDependency section */
		B9F31D72191E6A3B0081F67F /* PBXTargetDependency */ = {
			isa = PBXTargetDependency;
			target = B9F31D47191E6A3B0081F67F /* movie_memo_1 */;
			targetProxy = B9F31D71191E6A3B0081F67F /* PBXContainerItemProxy */;
		};
/* End PBXTargetDependency section */

/* Begin PBXVariantGroup section */
		B9F31D54191E6A3B0081F67F /* InfoPlist.strings */ = {
			isa = PBXVariantGroup;
			children = (
				B9F31D55191E6A3B0081F67F /* en */,
			);
			name = InfoPlist.strings;
			sourceTree = "<group>";
		};
		B9F31D5D191E6A3B0081F67F /* Main.storyboard */ = {
			isa = PBXVariantGroup;
			children = (
				B9F31D5E191E6A3B0081F67F /* Base */,
			);
			name = Main.storyboard;
			sourceTree = "<group>";
		};
		B9F31D76191E6A3B0081F67F /* InfoPlist.strings */ = {
			isa = PBXVariantGroup;
			children = (
				B9F31D77191E6A3B0081F67F /* en */,
			);
			name = InfoPlist.strings;
			sourceTree = "<group>";
		};
/* End PBXVariantGroup section */

/* Begin XCBuildConfiguration section */
		B9F31D7B191E6A3B0081F67F /* Debug */ = {
			isa = XCBuildConfiguration;
			buildSettings = {
				ALWAYS_SEARCH_USER_PATHS = NO;
				CLANG_CXX_LANGUAGE_STANDARD = "gnu++0x";
				CLANG_CXX_LIBRARY = "libc++";
				CLANG_ENABLE_MODULES = YES;
				CLANG_ENABLE_OBJC_ARC = YES;
				CLANG_WARN_BOOL_CONVERSION = YES;
				CLANG_WARN_CONSTANT_CONVERSION = YES;
				CLANG_WARN_DIRECT_OBJC_ISA_USAGE = YES_ERROR;
				CLANG_WARN_EMPTY_BODY = YES;
				CLANG_WARN_ENUM_CONVERSION = YES;
				CLANG_WARN_INT_CONVERSION = YES;
				CLANG_WARN_OBJC_ROOT_CLASS = YES_ERROR;
				CLANG_WARN__DUPLICATE_METHOD_MATCH = YES;
				"CODE_SIGN_IDENTITY[sdk=iphoneos*]" = "iPhone Developer";
				COPY_PHASE_STRIP = NO;
				GCC_C_LANGUAGE_STANDARD = gnu99;
				GCC_DYNAMIC_NO_PIC = NO;
				GCC_OPTIMIZATION_LEVEL = 0;
				GCC_PREPROCESSOR_DEFINITIONS = (
					"DEBUG=1",
					"$(inherited)",
				);
				GCC_SYMBOLS_PRIVATE_EXTERN = NO;
				GCC_WARN_64_TO_32_BIT_CONVERSION = YES;
				GCC_WARN_ABOUT_RETURN_TYPE = YES_ERROR;
				GCC_WARN_UNDECLARED_SELECTOR = YES;
				GCC_WARN_UNINITIALIZED_AUTOS = YES_AGGRESSIVE;
				GCC_WARN_UNUSED_FUNCTION = YES;
				GCC_WARN_UNUSED_VARIABLE = YES;
				IPHONEOS_DEPLOYMENT_TARGET = 7.1;
				ONLY_ACTIVE_ARCH = YES;
				SDKROOT = iphoneos;
			};
			name = Debug;
		};
		B9F31D7C191E6A3B0081F67F /* Release */ = {
			isa = XCBuildConfiguration;
			buildSettings = {
				ALWAYS_SEARCH_USER_PATHS = NO;
				CLANG_CXX_LANGUAGE_STANDARD = "gnu++0x";
				CLANG_CXX_LIBRARY = "libc++";
				CLANG_ENABLE_MODULES = YES;
				CLANG_ENABLE_OBJC_ARC = YES;
				CLANG_WARN_BOOL_CONVERSION = YES;
				CLANG_WARN_CONSTANT_CONVERSION = YES;
				CLANG_WARN_DIRECT_OBJC_ISA_USAGE = YES_ERROR;
				CLANG_WARN_EMPTY_BODY = YES;
				CLANG_WARN_ENUM_CONVERSION = YES;
				CLANG_WARN_INT_CONVERSION = YES;
				CLANG_WARN_OBJC_ROOT_CLASS = YES_ERROR;
				CLANG_WARN__DUPLICATE_METHOD_MATCH = YES;
				"CODE_SIGN_IDENTITY[sdk=iphoneos*]" = "iPhone Developer";
				COPY_PHASE_STRIP = YES;
				ENABLE_NS_ASSERTIONS = NO;
				GCC_C_LANGUAGE_STANDARD = gnu99;
				GCC_WARN_64_TO_32_BIT_CONVERSION = YES;
				GCC_WARN_ABOUT_RETURN_TYPE = YES_ERROR;
				GCC_WARN_UNDECLARED_SELECTOR = YES;
				GCC_WARN_UNINITIALIZED_AUTOS = YES_AGGRESSIVE;
				GCC_WARN_UNUSED_FUNCTION = YES;
				GCC_WARN_UNUSED_VARIABLE = YES;
				IPHONEOS_DEPLOYMENT_TARGET = 7.1;
				SDKROOT = iphoneos;
				VALIDATE_PRODUCT = YES;
			};
			name = Release;
		};
		B9F31D7E191E6A3B0081F67F /* Debug */ = {
			isa = XCBuildConfiguration;
			buildSettings = {
				ASSETCATALOG_COMPILER_APPICON_NAME = AppIcon;
				ASSETCATALOG_COMPILER_LAUNCHIMAGE_NAME = LaunchImage;
				GCC_PRECOMPILE_PREFIX_HEADER = YES;
				GCC_PREFIX_HEADER = "movie_memo_1/movie_memo_1-Prefix.pch";
				INFOPLIST_FILE = "movie_memo_1/movie_memo_1-Info.plist";
				PRODUCT_NAME = "$(TARGET_NAME)";
				WRAPPER_EXTENSION = app;
			};
			name = Debug;
		};
		B9F31D7F191E6A3B0081F67F /* Release */ = {
			isa = XCBuildConfiguration;
			buildSettings = {
				ASSETCATALOG_COMPILER_APPICON_NAME = AppIcon;
				ASSETCATALOG_COMPILER_LAUNCHIMAGE_NAME = LaunchImage;
				GCC_PRECOMPILE_PREFIX_HEADER = YES;
				GCC_PREFIX_HEADER = "movie_memo_1/movie_memo_1-Prefix.pch";
				INFOPLIST_FILE = "movie_memo_1/movie_memo_1-Info.plist";
				PRODUCT_NAME = "$(TARGET_NAME)";
				WRAPPER_EXTENSION = app;
			};
			name = Release;
		};
		B9F31D81191E6A3B0081F67F /* Debug */ = {
			isa = XCBuildConfiguration;
			buildSettings = {
				BUNDLE_LOADER = "$(BUILT_PRODUCTS_DIR)/movie_memo_1.app/movie_memo_1";
				FRAMEWORK_SEARCH_PATHS = (
					"$(SDKROOT)/Developer/Library/Frameworks",
					"$(inherited)",
					"$(DEVELOPER_FRAMEWORKS_DIR)",
				);
				GCC_PRECOMPILE_PREFIX_HEADER = YES;
				GCC_PREFIX_HEADER = "movie_memo_1/movie_memo_1-Prefix.pch";
				GCC_PREPROCESSOR_DEFINITIONS = (
					"DEBUG=1",
					"$(inherited)",
				);
				INFOPLIST_FILE = "movie_memo_1Tests/movie_memo_1Tests-Info.plist";
				PRODUCT_NAME = "$(TARGET_NAME)";
				TEST_HOST = "$(BUNDLE_LOADER)";
				WRAPPER_EXTENSION = xctest;
			};
			name = Debug;
		};
		B9F31D82191E6A3B0081F67F /* Release */ = {
			isa = XCBuildConfiguration;
			buildSettings = {
				BUNDLE_LOADER = "$(BUILT_PRODUCTS_DIR)/movie_memo_1.app/movie_memo_1";
				FRAMEWORK_SEARCH_PATHS = (
					"$(SDKROOT)/Developer/Library/Frameworks",
					"$(inherited)",
					"$(DEVELOPER_FRAMEWORKS_DIR)",
				);
				GCC_PRECOMPILE_PREFIX_HEADER = YES;
				GCC_PREFIX_HEADER = "movie_memo_1/movie_memo_1-Prefix.pch";
				INFOPLIST_FILE = "movie_memo_1Tests/movie_memo_1Tests-Info.plist";
				PRODUCT_NAME = "$(TARGET_NAME)";
				TEST_HOST = "$(BUNDLE_LOADER)";
				WRAPPER_EXTENSION = xctest;
			};
			name = Release;
		};
/* End XCBuildConfiguration section */

/* Begin XCConfigurationList section */
		B9F31D43191E6A3B0081F67F /* Build configuration list for PBXProject "movie_memo_1" */ = {
			isa = XCConfigurationList;
			buildConfigurations = (
				B9F31D7B191E6A3B0081F67F /* Debug */,
				B9F31D7C191E6A3B0081F67F /* Release */,
			);
			defaultConfigurationIsVisible = 0;
			defaultConfigurationName = Release;
		};
		B9F31D7D191E6A3B0081F67F /* Build configuration list for PBXNativeTarget "movie_memo_1" */ = {
			isa = XCConfigurationList;
			buildConfigurations = (
				B9F31D7E191E6A3B0081F67F /* Debug */,
				B9F31D7F191E6A3B0081F67F /* Release */,
			);
			defaultConfigurationIsVisible = 0;
		};
		B9F31D80191E6A3B0081F67F /* Build configuration list for PBXNativeTarget "movie_memo_1Tests" */ = {
			isa = XCConfigurationList;
			buildConfigurations = (
				B9F31D81191E6A3B0081F67F /* Debug */,
				B9F31D82191E6A3B0081F67F /* Release */,
			);
			defaultConfigurationIsVisible = 0;
		};
/* End XCConfigurationList section */
	};
	rootObject = B9F31D40191E6A3B0081F67F /* Project object */;
}
